
Microsoft Visual Studio Solution File, Format Version 12.00
# Visual Studio Version 17
VisualStudioVersion = 17.6.33723.286
MinimumVisualStudioVersion = 10.0.40219.1
Project("{FAE04EC0-301F-11D3-BF4B-00C04F79EFBC}") = "KudashevaAutoservice", "KudashevaAutoservice\KudashevaAutoservice.csproj", "{C826D9CB-34A2-4C72-ACA0-C3B3B28A283F}"
EndProject
Global
	GlobalSection(SolutionConfigurationPlatforms) = preSolution
		Debug|Any CPU = Debug|Any CPU
		Release|Any CPU = Release|Any CPU
	EndGlobalSection
	GlobalSection(ProjectConfigurationPlatforms) = postSolution
		{C826D9CB-34A2-4C72-ACA0-C3B3B28A283F}.Debug|Any CPU.ActiveCfg = Debug|Any CPU
		{C826D9CB-34A2-4C72-ACA0-C3B3B28A283F}.Debug|Any CPU.Build.0 = Debug|Any CPU
		{C826D9CB-34A2-4C72-ACA0-C3B3B28A283F}.Release|Any CPU.ActiveCfg = Release|Any CPU
		{C826D9CB-34A2-4C72-ACA0-C3B3B28A283F}.Release|Any CPU.Build.0 = Release|Any CPU
	EndGlobalSection
	GlobalSection(SolutionProperties) = preSolution
		HideSolutionNode = FALSE
	EndGlobalSection
	GlobalSection(ExtensibilityGlobals) = postSolution
		SolutionGuid = {A7838077-CD7F-4AFD-B843-F3312F7896F0}
	EndGlobalSection
EndGlobal
